
Microsoft Visual Studio Solution File, Format Version 12.00
# Visual Studio Version 17
VisualStudioVersion = 17.14.36603.0 d17.14
MinimumVisualStudioVersion = 10.0.40219.1
Project("{FAE04EC0-301F-11D3-BF4B-00C04F79EFBC}") = "XiaoBaiBookstore", "XiaoBaiBookstore\XiaoBaiBookstore.csproj", "{67C9A055-DD4E-4C03-840C-E31B2FE49273}"
EndProject
Global
	GlobalSection(SolutionConfigurationPlatforms) = preSolution
		Debug|Any CPU = Debug|Any CPU
		Release|Any CPU = Release|Any CPU
	EndGlobalSection
	GlobalSection(ProjectConfigurationPlatforms) = postSolution
		{67C9A055-DD4E-4C03-840C-E31B2FE49273}.Debug|Any CPU.ActiveCfg = Debug|Any CPU
		{67C9A055-DD4E-4C03-840C-E31B2FE49273}.Debug|Any CPU.Build.0 = Debug|Any CPU
		{67C9A055-DD4E-4C03-840C-E31B2FE49273}.Release|Any CPU.ActiveCfg = Release|Any CPU
		{67C9A055-DD4E-4C03-840C-E31B2FE49273}.Release|Any CPU.Build.0 = Release|Any CPU
	EndGlobalSection
	GlobalSection(SolutionProperties) = preSolution
		HideSolutionNode = FALSE
	EndGlobalSection
	GlobalSection(ExtensibilityGlobals) = postSolution
		SolutionGuid = {4CE16620-7959-4397-B56E-5DB8E7B4E00F}
	EndGlobalSection
EndGlobal
